# THIS IS AN AUTOGENERATED FILE. DO NOT EDIT THIS FILE DIRECTLY.
# yarn lockfile v1


"@babel/runtime@~7.5.0":
  version "7.5.5"
  resolved "https://registry.yarnpkg.com/@babel/runtime/-/runtime-7.5.5.tgz#74fba56d35efbeca444091c7850ccd494fd2f132"
  integrity sha512-28QvEGyQyNkB0/m2B4FU7IEZGK2NUrcMtT6BZEFALTguLk+AUT6ofsHtPk5QyjAdUkpMJ+/Em+quwz4HOt30AQ==
  dependencies:
    regenerator-runtime "^0.13.2"

"@line/bot-sdk@^7.0.0":
  version "7.0.0"
  resolved "https://registry.yarnpkg.com/@line/bot-sdk/-/bot-sdk-7.0.0.tgz#1fe53154024c829d3432088568c9597679cef473"
  integrity sha512-piS9LUg/fyFFlSMP9OdnxtlAS0pcEkhABVCG2xVaZ2wlaSCfG8pMSAOrVsZQYMRQwS3p3QTEFwuVaXnN4vn7tw==
  dependencies:
    "@types/body-parser" "^1.19.0"
    "@types/file-type" "^5.2.2"
    "@types/node" "^12.12.47"
    axios "^0.19.2"
    body-parser "^1.19.0"
    file-type "^7.7.1"

"@line/liff@^2.4.0":
  version "2.4.0"
  resolved "https://registry.yarnpkg.com/@line/liff/-/liff-2.4.0.tgz#b3f841e8ee390c940e0d937cdb62014214154bcf"
  integrity sha512-krX4kEPDQajz9dvLvnzl8Hfo4m3RYIBO9MWOCytVn6xdEOMGhojwv4SCt7TDke/XPstgO5ft7gwi9le0Afs2CA==
  dependencies:
    "@line/bot-sdk" "^7.0.0"
    js-crypto-ec "^0.5.6"
    promise-polyfill "^8.1.0"
    tiny-sha256 "^1.0.2"
    whatwg-fetch "^3.0.0"

"@types/body-parser@^1.19.0":
  version "1.19.0"
  resolved "https://registry.yarnpkg.com/@types/body-parser/-/body-parser-1.19.0.tgz#0685b3c47eb3006ffed117cdd55164b61f80538f"
  integrity sha512-W98JrE0j2K78swW4ukqMleo8R7h/pFETjM2DQ90MF6XK2i4LO4W3gQ71Lt4w3bfm2EvVSyWHplECvB5sK22yFQ==
  dependencies:
    "@types/connect" "*"
    "@types/node" "*"

"@types/connect@*":
  version "3.4.33"
  resolved "https://registry.yarnpkg.com/@types/connect/-/connect-3.4.33.tgz#31610c901eca573b8713c3330abc6e6b9f588546"
  integrity sha512-2+FrkXY4zllzTNfJth7jOqEHC+enpLeGslEhpnTAkg21GkRrWV4SsAtqchtT4YS9/nODBU2/ZfsBY2X4J/dX7A==
  dependencies:
    "@types/node" "*"

"@types/file-type@^5.2.2":
  version "5.2.2"
  resolved "https://registry.yarnpkg.com/@types/file-type/-/file-type-5.2.2.tgz#901cda395f75780c52bbc7a56fd1f5b5bc96f28f"
  integrity sha512-GWtM4fyqfb+bec4ocpo51/y4x0b83Je+iA6eV131LT9wL0//G+1UgwbkMg7w61ceOwR+KkZXK00z44jrrNljWg==
  dependencies:
    "@types/node" "*"

"@types/node@*":
  version "14.10.2"
  resolved "https://registry.yarnpkg.com/@types/node/-/node-14.10.2.tgz#9b47a2c8e4dabd4db73b57e750b24af689600514"
  integrity sha512-IzMhbDYCpv26pC2wboJ4MMOa9GKtjplXfcAqrMeNJpUUwpM/2ATt2w1JPUXwS6spu856TvKZL2AOmeU2rAxskw==

"@types/node@^12.12.47":
  version "12.12.59"
  resolved "https://registry.yarnpkg.com/@types/node/-/node-12.12.59.tgz#3a6154c24d4b5bd95bb1ce921ef805fb722f24cc"
  integrity sha512-D2MISWfv2j17aFBAkMD3lQ97vYpXCkAJMJf0mx2eKHNkzXA6Vo9w7A7BWi9fH8sOH1zeFb7fIhOo22z0TtrSag==

asn1.js@~5.2.0:
  version "5.2.0"
  resolved "https://registry.yarnpkg.com/asn1.js/-/asn1.js-5.2.0.tgz#292c0357f26a47802ac9727e8772c09c7fc9bd85"
  integrity sha512-Q7hnYGGNYbcmGrCPulXfkEw7oW7qjWeM4ZTALmgpuIcZLxyqqKYWxCZg2UBm8bklrnB4m2mGyJPWfoktdORD8A==
  dependencies:
    bn.js "^4.0.0"
    inherits "^2.0.1"
    minimalistic-assert "^1.0.0"

axios@^0.19.2:
  version "0.19.2"
  resolved "https://registry.yarnpkg.com/axios/-/axios-0.19.2.tgz#3ea36c5d8818d0d5f8a8a97a6d36b86cdc00cb27"
  integrity sha512-fjgm5MvRHLhx+osE2xoekY70AhARk3a6hkN+3Io1jc00jtquGvxYlKlsFUhmUET0V5te6CcZI7lcv2Ym61mjHA==
  dependencies:
    follow-redirects "1.5.10"

base64-js@^1.0.2:
  version "1.3.1"
  resolved "https://registry.yarnpkg.com/base64-js/-/base64-js-1.3.1.tgz#58ece8cb75dd07e71ed08c736abc5fac4dbf8df1"
  integrity sha512-mLQ4i2QO1ytvGWFWmcngKO//JXAQueZvwEKtjgQFM4jIK0kU+ytMfplL8j+n5mspOfjHwoAg+9yhb7BwAHm36g==

bn.js@^4.0.0, bn.js@^4.4.0:
  version "4.11.9"
  resolved "https://registry.yarnpkg.com/bn.js/-/bn.js-4.11.9.tgz#26d556829458f9d1e81fc48952493d0ba3507828"
  integrity sha512-E6QoYqCKZfgatHTdHzs1RRKP7ip4vvm+EyRUeE2RF0NblwVvb0p6jSVeNTOFxPn26QXN2o6SMfNxKp6kU8zQaw==

body-parser@^1.19.0:
  version "1.19.0"
  resolved "https://registry.yarnpkg.com/body-parser/-/body-parser-1.19.0.tgz#96b2709e57c9c4e09a6fd66a8fd979844f69f08a"
  integrity sha512-dhEPs72UPbDnAQJ9ZKMNTP6ptJaionhP5cBb541nXPlW60Jepo9RV/a4fX4XWW9CuFNK22krhrj1+rgzifNCsw==
  dependencies:
    bytes "3.1.0"
    content-type "~1.0.4"
    debug "2.6.9"
    depd "~1.1.2"
    http-errors "1.7.2"
    iconv-lite "0.4.24"
    on-finished "~2.3.0"
    qs "6.7.0"
    raw-body "2.4.0"
    type-is "~1.6.17"

brorand@^1.0.1:
  version "1.1.0"
  resolved "https://registry.yarnpkg.com/brorand/-/brorand-1.1.0.tgz#12c25efe40a45e3c323eb8675a0a0ce57b22371f"
  integrity sha1-EsJe/kCkXjwyPrhnWgoM5XsiNx8=

buffer@5.4.0:
  version "5.4.0"
  resolved "https://registry.yarnpkg.com/buffer/-/buffer-5.4.0.tgz#33294f5c1f26e08461e528b69fa06de3c45cbd8c"
  integrity sha512-Xpgy0IwHK2N01ncykXTy6FpCWuM+CJSHoPVBLyNqyrWxsedpLvwsYUhf0ME3WRFNUhos0dMamz9cOS/xRDtU5g==
  dependencies:
    base64-js "^1.0.2"
    ieee754 "^1.1.4"

buffer@^5.2.1:
  version "5.6.0"
  resolved "https://registry.yarnpkg.com/buffer/-/buffer-5.6.0.tgz#a31749dc7d81d84db08abf937b6b8c4033f62786"
  integrity sha512-/gDYp/UtU0eA1ys8bOs9J6a+E/KWIY+DZ+Q2WESNUA0jFRsJOc0SNUO6xJ5SGA1xueg3NL65W6s+NY5l9cunuw==
  dependencies:
    base64-js "^1.0.2"
    ieee754 "^1.1.4"

buffer@~5.4.0:
  version "5.4.3"
  resolved "https://registry.yarnpkg.com/buffer/-/buffer-5.4.3.tgz#3fbc9c69eb713d323e3fc1a895eee0710c072115"
  integrity sha512-zvj65TkFeIt3i6aj5bIvJDzjjQQGs4o/sNoezg1F1kYap9Nu2jcUdpwzRSJTHMMzG0H7bZkn4rNQpImhuxWX2A==
  dependencies:
    base64-js "^1.0.2"
    ieee754 "^1.1.4"

bytes@3.1.0:
  version "3.1.0"
  resolved "https://registry.yarnpkg.com/bytes/-/bytes-3.1.0.tgz#f6cf7933a360e0588fa9fde85651cdc7f805d1f6"
  integrity sha512-zauLjrfCG+xvoyaqLoV8bLVXXNGC4JqlxFCutSDWA6fJrTo2ZuvLYTqZ7aHBLZSMOopbzwv8f+wZcVzfVTI2Dg==

charenc@~0.0.1:
  version "0.0.2"
  resolved "https://registry.yarnpkg.com/charenc/-/charenc-0.0.2.tgz#c0a1d2f3a7092e03774bfa83f14c0fc5790a8667"
  integrity sha1-wKHS86cJLgN3S/qD8UwPxXkKhmc=

content-type@~1.0.4:
  version "1.0.4"
  resolved "https://registry.yarnpkg.com/content-type/-/content-type-1.0.4.tgz#e138cc75e040c727b1966fe5e5f8c9aee256fe3b"
  integrity sha512-hIP3EEPs8tB9AT1L+NUqtwOAps4mk2Zob89MWXMHjHWg9milF/j4osnnQLXBCBFBk/tvIG/tUc9mOUJiPBhPXA==

crypt@~0.0.1:
  version "0.0.2"
  resolved "https://registry.yarnpkg.com/crypt/-/crypt-0.0.2.tgz#88d7ff7ec0dfb86f713dc87bbb42d044d3e6c41b"
  integrity sha1-iNf/fsDfuG9xPch7u0LQRNPmxBs=

debug@2.6.9:
  version "2.6.9"
  resolved "https://registry.yarnpkg.com/debug/-/debug-2.6.9.tgz#5d128515df134ff327e90a4c93f4e077a536341f"
  integrity sha512-bC7ElrdJaJnPbAP+1EotYvqZsb3ecl5wi6Bfi6BJTUcNowp6cvspg0jXznRTKDjm/E7AdgFBVeAPVMNcKGsHMA==
  dependencies:
    ms "2.0.0"

debug@=3.1.0:
  version "3.1.0"
  resolved "https://registry.yarnpkg.com/debug/-/debug-3.1.0.tgz#5bb5a0672628b64149566ba16819e61518c67261"
  integrity sha512-OX8XqP7/1a9cqkxYw2yXss15f26NKWBpDXQd0/uK/KPqdQhxbPa994hnzjcE2VqQpDslf55723cKPUOGSmMY3g==
  dependencies:
    ms "2.0.0"

depd@~1.1.2:
  version "1.1.2"
  resolved "https://registry.yarnpkg.com/depd/-/depd-1.1.2.tgz#9bcd52e14c097763e749b274c4346ed2e560b5a9"
  integrity sha1-m81S4UwJd2PnSbJ0xDRu0uVgtak=

des.js@~1.0.0:
  version "1.0.1"
  resolved "https://registry.yarnpkg.com/des.js/-/des.js-1.0.1.tgz#5382142e1bdc53f85d86d53e5f4aa7deb91e0843"
  integrity sha512-Q0I4pfFrv2VPd34/vfLrFOoRmlYj3OV50i7fskps1jZWK1kApMWWT9G6RRUeYedLcBDIhnSDaUvJMb3AhUlaEA==
  dependencies:
    inherits "^2.0.1"
    minimalistic-assert "^1.0.0"

ee-first@1.1.1:
  version "1.1.1"
  resolved "https://registry.yarnpkg.com/ee-first/-/ee-first-1.1.1.tgz#590c61156b0ae2f4f0255732a158b266bc56b21d"
  integrity sha1-WQxhFWsK4vTwJVcyoViyZrxWsh0=

elliptic@~6.5.0:
  version "6.5.3"
  resolved "https://registry.yarnpkg.com/elliptic/-/elliptic-6.5.3.tgz#cb59eb2efdaf73a0bd78ccd7015a62ad6e0f93d6"
  integrity sha512-IMqzv5wNQf+E6aHeIqATs0tOLeOTwj1QKbRcS3jBbYkl5oLAserA8yJTT7/VyHUYG91PRmPyeQDObKLPpeS4dw==
  dependencies:
    bn.js "^4.4.0"
    brorand "^1.0.1"
    hash.js "^1.0.0"
    hmac-drbg "^1.0.0"
    inherits "^2.0.1"
    minimalistic-assert "^1.0.0"
    minimalistic-crypto-utils "^1.0.0"

file-type@^7.7.1:
  version "7.7.1"
  resolved "https://registry.yarnpkg.com/file-type/-/file-type-7.7.1.tgz#91c2f5edb8ce70688b9b68a90d931bbb6cb21f65"
  integrity sha512-bTrKkzzZI6wH+NXhyD3SOXtb2zXTw2SbwI2RxUlRcXVsnN7jNL5hJzVQLYv7FOQhxFkK4XWdAflEaWFpaLLWpQ==

follow-redirects@1.5.10:
  version "1.5.10"
  resolved "https://registry.yarnpkg.com/follow-redirects/-/follow-redirects-1.5.10.tgz#7b7a9f9aea2fdff36786a94ff643ed07f4ff5e2a"
  integrity sha512-0V5l4Cizzvqt5D44aTXbFZz+FtyXV1vrDN6qrelxtfYQKW0KO0W2T/hkE8xvGa/540LkZlkaUjO4ailYTFtHVQ==
  dependencies:
    debug "=3.1.0"

hash.js@^1.0.0, hash.js@^1.0.3, hash.js@~1.1.7:
  version "1.1.7"
  resolved "https://registry.yarnpkg.com/hash.js/-/hash.js-1.1.7.tgz#0babca538e8d4ee4a0f8988d68866537a003cf42"
  integrity sha512-taOaskGt4z4SOANNseOviYDvjEJinIkRgmp7LbKP2YTTmVxWBl87s/uzK9r+44BclBSp2X7K1hqeNfz9JbBeXA==
  dependencies:
    inherits "^2.0.3"
    minimalistic-assert "^1.0.1"

hmac-drbg@^1.0.0:
  version "1.0.1"
  resolved "https://registry.yarnpkg.com/hmac-drbg/-/hmac-drbg-1.0.1.tgz#d2745701025a6c775a6c545793ed502fc0c649a1"
  integrity sha1-0nRXAQJabHdabFRXk+1QL8DGSaE=
  dependencies:
    hash.js "^1.0.3"
    minimalistic-assert "^1.0.0"
    minimalistic-crypto-utils "^1.0.1"

http-errors@1.7.2:
  version "1.7.2"
  resolved "https://registry.yarnpkg.com/http-errors/-/http-errors-1.7.2.tgz#4f5029cf13239f31036e5b2e55292bcfbcc85c8f"
  integrity sha512-uUQBt3H/cSIVfch6i1EuPNy/YsRSOUBXTVfZ+yR7Zjez3qjBz6i9+i4zjNaoqcoFVI4lQJ5plg63TvGfRSDCRg==
  dependencies:
    depd "~1.1.2"
    inherits "2.0.3"
    setprototypeof "1.1.1"
    statuses ">= 1.5.0 < 2"
    toidentifier "1.0.0"

iconv-lite@0.4.24:
  version "0.4.24"
  resolved "https://registry.yarnpkg.com/iconv-lite/-/iconv-lite-0.4.24.tgz#2022b4b25fbddc21d2f524974a474aafe733908b"
  integrity sha512-v3MXnZAcvnywkTUEZomIActle7RXXeedOR31wwl7VlyoXO4Qi9arvSenNQWne1TcRwhCL1HwLI21bEqdpj8/rA==
  dependencies:
    safer-buffer ">= 2.1.2 < 3"

ieee754@^1.1.4:
  version "1.1.13"
  resolved "https://registry.yarnpkg.com/ieee754/-/ieee754-1.1.13.tgz#ec168558e95aa181fd87d37f55c32bbcb6708b84"
  integrity sha512-4vf7I2LYV/HaWerSo3XmlMkp5eZ83i+/CDluXi/IGTs/O1sejBNhTtnxzmRZfvOUqj7lZjqHkeTvpgSFDlWZTg==

inherits@2.0.3:
  version "2.0.3"
  resolved "https://registry.yarnpkg.com/inherits/-/inherits-2.0.3.tgz#633c2c83e3da42a502f52466022480f4208261de"
  integrity sha1-Yzwsg+PaQqUC9SRmAiSA9CCCYd4=

inherits@^2.0.1, inherits@^2.0.3:
  version "2.0.4"
  resolved "https://registry.yarnpkg.com/inherits/-/inherits-2.0.4.tgz#0fa2c64f932917c3433a0ded55363aae37416b7c"
  integrity sha512-k/vGaX4/Yla3WzyMCvTQOXYeIHvqOKtnqBduzTHpzpQZzAskKMhZ2K+EnBiSM9zGSoIFeMpXKxa4dYeZIQqewQ==

is-buffer@~1.1.1:
  version "1.1.6"
  resolved "https://registry.yarnpkg.com/is-buffer/-/is-buffer-1.1.6.tgz#efaa2ea9daa0d7ab2ea13a97b2b8ad51fefbe8be"
  integrity sha512-NcdALwpXkTm5Zvvbk7owOUSvVvBKDgKP5/ewfXEznmQFfs4ZRmanOeKBTjRVjka3QFoN6XJ+9F3USqfHqTaU5w==

js-crypto-aes@^0.6.1:
  version "0.6.1"
  resolved "https://registry.yarnpkg.com/js-crypto-aes/-/js-crypto-aes-0.6.1.tgz#3f415c51bb70aab51e74cec8b582ea7145ac730a"
  integrity sha512-Uc08wlFPsIJpxXRsa9Sx6tpPr0s+hudBP7Gj7iuG0YRESferBbyIG5kQ8kdFqr82MsF8VZ8T8DylGBAGTmvZKA==
  dependencies:
    "@babel/runtime" "~7.5.0"
    js-crypto-env "^0.2.4"

js-crypto-ec@^0.5.6:
  version "0.5.11"
  resolved "https://registry.yarnpkg.com/js-crypto-ec/-/js-crypto-ec-0.5.11.tgz#666dca85beb750084820c380561c1cba0e10a35f"
  integrity sha512-fnWQc2KOX+iGpFq7+WUb41SjlKcB7NcAJVXaV/WXgigPqCsT7qzcT3taW32KFEHBF8pkD3LF9CsWmU2GGOogKw==
  dependencies:
    "@babel/runtime" "~7.5.0"
    asn1.js "~5.2.0"
    buffer "~5.4.0"
    elliptic "~6.5.0"
    js-crypto-env "^0.2.4"
    js-crypto-hash "^0.5.2"
    js-crypto-key-utils "^0.6.11"
    js-crypto-random "^0.3.5"
    js-encoding-utils "0.5.3"

js-crypto-env@^0.2.4:
  version "0.2.4"
  resolved "https://registry.yarnpkg.com/js-crypto-env/-/js-crypto-env-0.2.4.tgz#4903df5722fed9cacde3c0fe672fd7c75a6140c6"
  integrity sha512-kOnWELFfTgPYzBgLo81VkopKWEyHZAVeU7Og/4+yCfesNyaM7CXXOHQqsPaLbhI+Oq2NJlDM7jsVO/fmyeTLrA==
  dependencies:
    "@babel/runtime" "~7.5.0"

js-crypto-hash@^0.5.2:
  version "0.5.2"
  resolved "https://registry.yarnpkg.com/js-crypto-hash/-/js-crypto-hash-0.5.2.tgz#a8205a3736bcb536b770b77b961c967f8b6f57e7"
  integrity sha512-RqQnwb3euCCsCkISf5G8Wgevz6et2CDoHctbiJEnaxCxK8ZGv65Toas1aer/MDMfCb6+S8UXOI66CDOxuZjlZw==
  dependencies:
    "@babel/runtime" "~7.5.0"
    buffer "^5.2.1"
    hash.js "~1.1.7"
    js-crypto-env "^0.2.4"
    md5 "~2.2.1"
    sha3 "~2.0.4"

js-crypto-hmac@^0.5.3:
  version "0.5.3"
  resolved "https://registry.yarnpkg.com/js-crypto-hmac/-/js-crypto-hmac-0.5.3.tgz#2036355b2304474f313b45383c4e21373483a574"
  integrity sha512-ARFm5uM0WttvnFWR+pNq9J5zULjfbGD85mohD90arb5U5fITEOu1kqpA6nVSJlr87kPilYg1BntfAfIoXSC/lw==
  dependencies:
    "@babel/runtime" "~7.5.0"
    js-crypto-env "^0.2.4"
    js-crypto-hash "^0.5.2"

js-crypto-key-utils@^0.6.11:
  version "0.6.11"
  resolved "https://registry.yarnpkg.com/js-crypto-key-utils/-/js-crypto-key-utils-0.6.11.tgz#f2ecc382e313b12671880a41f0a73fa6e92b5537"
  integrity sha512-3vVspOXylY1aekm46OOzvkh3d5xF+QD8uJtEeLPmG/eIGVrZU1OzlnI4DlKDqS3FzAr0G11vvSarNU/xBn3WjA==
  dependencies:
    "@babel/runtime" "~7.5.0"
    asn1.js "~5.2.0"
    buffer "~5.4.0"
    des.js "~1.0.0"
    elliptic "~6.5.0"
    js-crypto-aes "^0.6.1"
    js-crypto-hash "^0.5.2"
    js-crypto-pbkdf "^0.4.3"
    js-crypto-random "^0.3.5"
    js-encoding-utils "0.5.3"
    lodash.clonedeep "~4.5.0"

js-crypto-pbkdf@^0.4.3:
  version "0.4.3"
  resolved "https://registry.yarnpkg.com/js-crypto-pbkdf/-/js-crypto-pbkdf-0.4.3.tgz#4f9c8a55aade1235f344fdf5ec2832da1869921f"
  integrity sha512-tcNl34lYlt+msqT2cuWvMuDQWgi5rdouQmEcQgK9zpdDGJeWY6JMgsMHEypUoFMCZh/fdwDPbnVSrJMpC3T6aQ==
  dependencies:
    "@babel/runtime" "~7.5.0"
    js-crypto-hash "^0.5.2"
    js-crypto-hmac "^0.5.3"
    js-encoding-utils "0.5.3"

js-crypto-random@^0.3.5:
  version "0.3.5"
  resolved "https://registry.yarnpkg.com/js-crypto-random/-/js-crypto-random-0.3.5.tgz#ffcea24368630a5d9285dbb1b6fae598a60e937b"
  integrity sha512-9VytDK+anaplWNWBls9acR4+urkERYmcA0zlYMfTwb2BdDPSfW5rCYCLeWNuZEPGtDJYU+eaasd7i2v1IF6vVg==
  dependencies:
    "@babel/runtime" "~7.5.0"
    js-crypto-env "^0.2.4"

js-encoding-utils@0.5.3:
  version "0.5.3"
  resolved "https://registry.yarnpkg.com/js-encoding-utils/-/js-encoding-utils-0.5.3.tgz#7efe93b0d440fe96352660c8ef0a0f3ebf430fe6"
  integrity sha512-GWEeXCVERJvMX/V8VLaJHIHe5K2m4dCXYujmbipK9NIUVxNS4J/PZfgIE+lveCvZgZpSY5tMUHOkh/ZHhPx84A==

lodash.clonedeep@~4.5.0:
  version "4.5.0"
  resolved "https://registry.yarnpkg.com/lodash.clonedeep/-/lodash.clonedeep-4.5.0.tgz#e23f3f9c4f8fbdde872529c1071857a086e5ccef"
  integrity sha1-4j8/nE+Pvd6HJSnBBxhXoIblzO8=

md5@~2.2.1:
  version "2.2.1"
  resolved "https://registry.yarnpkg.com/md5/-/md5-2.2.1.tgz#53ab38d5fe3c8891ba465329ea23fac0540126f9"
  integrity sha1-U6s41f48iJG6RlMp6iP6wFQBJvk=
  dependencies:
    charenc "~0.0.1"
    crypt "~0.0.1"
    is-buffer "~1.1.1"

media-typer@0.3.0:
  version "0.3.0"
  resolved "https://registry.yarnpkg.com/media-typer/-/media-typer-0.3.0.tgz#8710d7af0aa626f8fffa1ce00168545263255748"
  integrity sha1-hxDXrwqmJvj/+hzgAWhUUmMlV0g=

mime-db@1.44.0:
  version "1.44.0"
  resolved "https://registry.yarnpkg.com/mime-db/-/mime-db-1.44.0.tgz#fa11c5eb0aca1334b4233cb4d52f10c5a6272f92"
  integrity sha512-/NOTfLrsPBVeH7YtFPgsVWveuL+4SjjYxaQ1xtM1KMFj7HdxlBlxeyNLzhyJVx7r4rZGJAZ/6lkKCitSc/Nmpg==

mime-types@~2.1.24:
  version "2.1.27"
  resolved "https://registry.yarnpkg.com/mime-types/-/mime-types-2.1.27.tgz#47949f98e279ea53119f5722e0f34e529bec009f"
  integrity sha512-JIhqnCasI9yD+SsmkquHBxTSEuZdQX5BuQnS2Vc7puQQQ+8yiP5AY5uWhpdv4YL4VM5c6iliiYWPgJ/nJQLp7w==
  dependencies:
    mime-db "1.44.0"

minimalistic-assert@^1.0.0, minimalistic-assert@^1.0.1:
  version "1.0.1"
  resolved "https://registry.yarnpkg.com/minimalistic-assert/-/minimalistic-assert-1.0.1.tgz#2e194de044626d4a10e7f7fbc00ce73e83e4d5c7"
  integrity sha512-UtJcAD4yEaGtjPezWuO9wC4nwUnVH/8/Im3yEHQP4b67cXlD/Qr9hdITCU1xDbSEXg2XKNaP8jsReV7vQd00/A==

minimalistic-crypto-utils@^1.0.0, minimalistic-crypto-utils@^1.0.1:
  version "1.0.1"
  resolved "https://registry.yarnpkg.com/minimalistic-crypto-utils/-/minimalistic-crypto-utils-1.0.1.tgz#f6c00c1c0b082246e5c4d99dfb8c7c083b2b582a"
  integrity sha1-9sAMHAsIIkblxNmd+4x8CDsrWCo=

ms@2.0.0:
  version "2.0.0"
  resolved "https://registry.yarnpkg.com/ms/-/ms-2.0.0.tgz#5608aeadfc00be6c2901df5f9861788de0d597c8"
  integrity sha1-VgiurfwAvmwpAd9fmGF4jeDVl8g=

on-finished@~2.3.0:
  version "2.3.0"
  resolved "https://registry.yarnpkg.com/on-finished/-/on-finished-2.3.0.tgz#20f1336481b083cd75337992a16971aa2d906947"
  integrity sha1-IPEzZIGwg811M3mSoWlxqi2QaUc=
  dependencies:
    ee-first "1.1.1"

promise-polyfill@^8.1.0:
  version "8.1.3"
  resolved "https://registry.yarnpkg.com/promise-polyfill/-/promise-polyfill-8.1.3.tgz#8c99b3cf53f3a91c68226ffde7bde81d7f904116"
  integrity sha512-MG5r82wBzh7pSKDRa9y+vllNHz3e3d4CNj1PQE4BQYxLme0gKYYBm9YENq+UkEikyZ0XbiGWxYlVw3Rl9O/U8g==

qs@6.7.0:
  version "6.7.0"
  resolved "https://registry.yarnpkg.com/qs/-/qs-6.7.0.tgz#41dc1a015e3d581f1621776be31afb2876a9b1bc"
  integrity sha512-VCdBRNFTX1fyE7Nb6FYoURo/SPe62QCaAyzJvUjwRaIsc+NePBEniHlvxFmmX56+HZphIGtV0XeCirBtpDrTyQ==

raw-body@2.4.0:
  version "2.4.0"
  resolved "https://registry.yarnpkg.com/raw-body/-/raw-body-2.4.0.tgz#a1ce6fb9c9bc356ca52e89256ab59059e13d0332"
  integrity sha512-4Oz8DUIwdvoa5qMJelxipzi/iJIi40O5cGV1wNYp5hvZP8ZN0T+jiNkL0QepXs+EsQ9XJ8ipEDoiH70ySUJP3Q==
  dependencies:
    bytes "3.1.0"
    http-errors "1.7.2"
    iconv-lite "0.4.24"
    unpipe "1.0.0"

regenerator-runtime@^0.13.2:
  version "0.13.7"
  resolved "https://registry.yarnpkg.com/regenerator-runtime/-/regenerator-runtime-0.13.7.tgz#cac2dacc8a1ea675feaabaeb8ae833898ae46f55"
  integrity sha512-a54FxoJDIr27pgf7IgeQGxmqUNYrcV338lf/6gH456HZ/PhX+5BcwHXG9ajESmwe6WRO0tAzRUrRmNONWgkrew==

"safer-buffer@>= 2.1.2 < 3":
  version "2.1.2"
  resolved "https://registry.yarnpkg.com/safer-buffer/-/safer-buffer-2.1.2.tgz#44fa161b0187b9549dd84bb91802f9bd8385cd6a"
  integrity sha512-YZo3K82SD7Riyi0E1EQPojLz7kpepnSQI9IyPbHHg1XXXevb5dJI7tpyN2ADxGcQbHG7vcyRHk0cbwqcQriUtg==

setprototypeof@1.1.1:
  version "1.1.1"
  resolved "https://registry.yarnpkg.com/setprototypeof/-/setprototypeof-1.1.1.tgz#7e95acb24aa92f5885e0abef5ba131330d4ae683"
  integrity sha512-JvdAWfbXeIGaZ9cILp38HntZSFSo3mWg6xGcJJsd+d4aRMOqauag1C63dJfDw7OaMYwEbHMOxEZ1lqVRYP2OAw==

sha3@~2.0.4:
  version "2.0.7"
  resolved "https://registry.yarnpkg.com/sha3/-/sha3-2.0.7.tgz#02ed270099647cbcc681b064ba091af72f561f35"
  integrity sha512-7Qsj/0J3pxCWfmyuDbTZWoKNSKY/rg2eecNRvTYE4EAPJ11Uh6xuEObyCG295AqgrtOjzdDbfwtGLDY52h11tA==
  dependencies:
    buffer "5.4.0"

"statuses@>= 1.5.0 < 2":
  version "1.5.0"
  resolved "https://registry.yarnpkg.com/statuses/-/statuses-1.5.0.tgz#161c7dac177659fd9811f43771fa99381478628c"
  integrity sha1-Fhx9rBd2Wf2YEfQ3cfqZOBR4Yow=

tiny-sha256@^1.0.2:
  version "1.0.2"
  resolved "https://registry.yarnpkg.com/tiny-sha256/-/tiny-sha256-1.0.2.tgz#3b20a75f77097dcec1af513f5189c26ec2f54992"
  integrity sha1-OyCnX3cJfc7Br1E/UYnCbsL1SZI=

toidentifier@1.0.0:
  version "1.0.0"
  resolved "https://registry.yarnpkg.com/toidentifier/-/toidentifier-1.0.0.tgz#7e1be3470f1e77948bc43d94a3c8f4d7752ba553"
  integrity sha512-yaOH/Pk/VEhBWWTlhI+qXxDFXlejDGcQipMlyxda9nthulaxLZUNcUqFxokp0vcYnvteJln5FNQDRrxj3YcbVw==

type-is@~1.6.17:
  version "1.6.18"
  resolved "https://registry.yarnpkg.com/type-is/-/type-is-1.6.18.tgz#4e552cd05df09467dcbc4ef739de89f2cf37c131"
  integrity sha512-TkRKr9sUTxEH8MdfuCSP7VizJyzRNMjj2J2do2Jr3Kym598JVdEksuzPQCnlFPW4ky9Q+iA+ma9BGm06XQBy8g==
  dependencies:
    media-typer "0.3.0"
    mime-types "~2.1.24"

unpipe@1.0.0:
  version "1.0.0"
  resolved "https://registry.yarnpkg.com/unpipe/-/unpipe-1.0.0.tgz#b2bf4ee8514aae6165b4817829d21b2ef49904ec"
  integrity sha1-sr9O6FFKrmFltIF4KdIbLvSZBOw=

whatwg-fetch@^3.0.0:
  version "3.4.1"
  resolved "https://registry.yarnpkg.com/whatwg-fetch/-/whatwg-fetch-3.4.1.tgz#e5f871572d6879663fa5674c8f833f15a8425ab3"
  integrity sha512-sofZVzE1wKwO+EYPbWfiwzaKovWiZXf4coEzjGP9b2GBVgQRLQUZ2QcuPpQExGDAW5GItpEm6Tl4OU5mywnAoQ==
